// !$*UTF8*$!
{
	archiveVersion = 1;
	classes = {
	};
	objectVersion = 46;
	objects = {

/* Begin PBXBuildFile section */
		F03FC2EC1E38B4DC002497CB /* AppDelegate.swift in Sources */ = {isa = PBXBuildFile; fileRef = F03FC2EB1E38B4DC002497CB /* AppDelegate.swift */; };
		F03FC2EE1E38B4DC002497CB /* ViewController.swift in Sources */ = {isa = PBXBuildFile; fileRef = F03FC2ED1E38B4DC002497CB /* ViewController.swift */; };
		F03FC2F11E38B4DC002497CB /* Main.storyboard in Resources */ = {isa = PBXBuildFile; fileRef = F03FC2EF1E38B4DC002497CB /* Main.storyboard */; };
		F03FC2F31E38B4DC002497CB /* Assets.xcassets in Resources */ = {isa = PBXBuildFile; fileRef = F03FC2F21E38B4DC002497CB /* Assets.xcassets */; };
		F03FC2F61E38B4DC002497CB /* LaunchScreen.storyboard in Resources */ = {isa = PBXBuildFile; fileRef = F03FC2F41E38B4DC002497CB /* LaunchScreen.storyboard */; };
/* End PBXBuildFile section */

/* Begin PBXFileReference section */
		F03FC2E81E38B4DC002497CB /* InAppNotificationsDemo.app */ = {isa = PBXFileReference; explicitFileType = wrapper.application; includeInIndex = 0; path = InAppNotificationsDemo.app; sourceTree = BUILT_PRODUCTS_DIR; };
		F03FC2EB1E38B4DC002497CB /* AppDelegate.swift */ = {isa = PBXFileReference; lastKnownFileType = sourcecode.swift; path = AppDelegate.swift; sourceTree = "<group>"; };
		F03FC2ED1E38B4DC002497CB /* ViewController.swift */ = {isa = PBXFileReference; lastKnownFileType = sourcecode.swift; path = ViewController.swift; sourceTree = "<group>"; };
		F03FC2F01E38B4DC002497CB /* Base */ = {isa = PBXFileReference; lastKnownFileType = file.storyboard; name = Base; path = Base.lproj/Main.storyboard; sourceTree = "<group>"; };
		F03FC2F21E38B4DC002497CB /* Assets.xcassets */ = {isa = PBXFileReference; lastKnownFileType = folder.assetcatalog; path = Assets.xcassets; sourceTree = "<group>"; };
		F03FC2F51E38B4DC002497CB /* Base */ = {isa = PBXFileReference; lastKnownFileType = file.storyboard; name = Base; path = Base.lproj/LaunchScreen.storyboard; sourceTree = "<group>"; };
		F03FC2F71E38B4DC002497CB /* Info.plist */ = {isa = PBXFileReference; lastKnownFileType = text.plist.xml; path = Info.plist; sourceTree = "<group>"; };
/* End PBXFileReference section */

/* Begin PBXFrameworksBuildPhase section */
		F03FC2E51E38B4DC002497CB /* Frameworks */ = {
			isa = PBXFrameworksBuildPhase;
			buildActionMask = 2147483647;
			files = (
			);
			runOnlyForDeploymentPostprocessing = 0;
		};
/* End PBXFrameworksBuildPhase section */

/* Begin PBXGroup section */
		F03FC2DF1E38B4DC002497CB = {
			isa = PBXGroup;
			children = (
				F03FC2EA1E38B4DC002497CB /* InAppNotificationsDemo */,
				F03FC2E91E38B4DC002497CB /* Products */,
			);
			sourceTree = "<group>";
		};
		F03FC2E91E38B4DC002497CB /* Products */ = {
			isa = PBXGroup;
			children = (
				F03FC2E81E38B4DC002497CB /* InAppNotificationsDemo.app */,
			);
			name = Products;
			sourceTree = "<group>";
		};
		F03FC2EA1E38B4DC002497CB /* InAppNotificationsDemo */ = {
			isa = PBXGroup;
			children = (
				F03FC2EB1E38B4DC002497CB /* AppDelegate.swift */,
				F03FC2ED1E38B4DC002497CB /* ViewController.swift */,
				F03FC2EF1E38B4DC002497CB /* Main.storyboard */,
				F03FC2F21E38B4DC002497CB /* Assets.xcassets */,
				F03FC2F41E38B4DC002497CB /* LaunchScreen.storyboard */,
				F03FC2F71E38B4DC002497CB /* Info.plist */,
			);
			path = InAppNotificationsDemo;
			sourceTree = "<group>";
		};
/* End PBXGroup section */

/* Begin PBXNativeTarget section */
		F03FC2E71E38B4DC002497CB /* InAppNotificationsDemo */ = {
			isa = PBXNativeTarget;
			buildConfigurationList = F03FC2FA1E38B4DC002497CB /* Build configuration list for PBXNativeTarget "InAppNotificationsDemo" */;
			buildPhases = (
				F03FC2E41E38B4DC002497CB /* Sources */,
				F03FC2E51E38B4DC002497CB /* Frameworks */,
				F03FC2E61E38B4DC002497CB /* Resources */,
			);
			buildRules = (
			);
			dependencies = (
			);
			name = InAppNotificationsDemo;
			productName = InAppNotificationsDemo;
			productReference = F03FC2E81E38B4DC002497CB /* InAppNotificationsDemo.app */;
			productType = "com.apple.product-type.application";
		};
/* End PBXNativeTarget section */

/* Begin PBXProject section */
		F03FC2E01E38B4DC002497CB /* Project object */ = {
			isa = PBXProject;
			attributes = {
				LastSwiftUpdateCheck = 0820;
				LastUpgradeCheck = 0820;
				ORGANIZATIONNAME = DevGo;
				TargetAttributes = {
					F03FC2E71E38B4DC002497CB = {
						CreatedOnToolsVersion = 8.2.1;
						ProvisioningStyle = Automatic;
					};
				};
			};
			buildConfigurationList = F03FC2E31E38B4DC002497CB /* Build configuration list for PBXProject "InAppNotificationsDemo" */;
			compatibilityVersion = "Xcode 3.2";
			developmentRegion = English;
			hasScannedForEncodings = 0;
			knownRegions = (
				en,
				Base,
			);
			mainGroup = F03FC2DF1E38B4DC002497CB;
			productRefGroup = F03FC2E91E38B4DC002497CB /* Products */;
			projectDirPath = "";
			projectRoot = "";
			targets = (
				F03FC2E71E38B4DC002497CB /* InAppNotificationsDemo */,
			);
		};
/* End PBXProject section */

/* Begin PBXResourcesBuildPhase section */
		F03FC2E61E38B4DC002497CB /* Resources */ = {
			isa = PBXResourcesBuildPhase;
			buildActionMask = 2147483647;
			files = (
				F03FC2F61E38B4DC002497CB /* LaunchScreen.storyboard in Resources */,
				F03FC2F31E38B4DC002497CB /* Assets.xcassets in Resources */,
				F03FC2F11E38B4DC002497CB /* Main.storyboard in Resources */,
			);
			runOnlyForDeploymentPostprocessing = 0;
		};
/* End PBXResourcesBuildPhase section */

/* Begin PBXSourcesBuildPhase section */
		F03FC2E41E38B4DC002497CB /* Sources */ = {
			isa = PBXSourcesBuildPhase;
			buildActionMask = 2147483647;
			files = (
				F03FC2EE1E38B4DC002497CB /* ViewController.swift in Sources */,
				F03FC2EC1E38B4DC002497CB /* AppDelegate.swift in Sources */,
			);
			runOnlyForDeploymentPostprocessing = 0;
		};
/* End PBXSourcesBuildPhase section */

/* Begin PBXVariantGroup section */
		F03FC2EF1E38B4DC002497CB /* Main.storyboard */ = {
			isa = PBXVariantGroup;
			children = (
				F03FC2F01E38B4DC002497CB /* Base */,
			);
			name = Main.storyboard;
			sourceTree = "<group>";
		};
		F03FC2F41E38B4DC002497CB /* LaunchScreen.storyboard */ = {
			isa = PBXVariantGroup;
			children = (
				F03FC2F51E38B4DC002497CB /* Base */,
			);
			name = LaunchScreen.storyboard;
			sourceTree = "<group>";
		};
/* End PBXVariantGroup section */

/* Begin XCBuildConfiguration section */
		F03FC2F81E38B4DC002497CB /* Debug */ = {
			isa = XCBuildConfiguration;
			buildSettings = {
				ALWAYS_SEARCH_USER_PATHS = NO;
				CLANG_ANALYZER_NONNULL = YES;
				CLANG_CXX_LANGUAGE_STANDARD = "gnu++0x";
				CLANG_CXX_LIBRARY = "libc++";
				CLANG_ENABLE_MODULES = YES;
				CLANG_ENABLE_OBJC_ARC = YES;
				CLANG_WARN_BOOL_CONVERSION = YES;
				CLANG_WARN_CONSTANT_CONVERSION = YES;
				CLANG_WARN_DIRECT_OBJC_ISA_USAGE = YES_ERROR;
				CLANG_WARN_DOCUMENTATION_COMMENTS = YES;
				CLANG_WARN_EMPTY_BODY = YES;
				CLANG_WARN_ENUM_CONVERSION = YES;
				CLANG_WARN_INFINITE_RECURSION = YES;
				CLANG_WARN_INT_CONVERSION = YES;
				CLANG_WARN_OBJC_ROOT_CLASS = YES_ERROR;
				CLANG_WARN_SUSPICIOUS_MOVE = YES;
				CLANG_WARN_UNREACHABLE_CODE = YES;
				CLANG_WARN__DUPLICATE_METHOD_MATCH = YES;
				"CODE_SIGN_IDENTITY[sdk=iphoneos*]" = "iPhone Developer";
				COPY_PHASE_STRIP = NO;
				DEBUG_INFORMATION_FORMAT = dwarf;
				ENABLE_STRICT_OBJC_MSGSEND = YES;
				ENABLE_TESTABILITY = YES;
				GCC_C_LANGUAGE_STANDARD = gnu99;
				GCC_DYNAMIC_NO_PIC = NO;
				GCC_NO_COMMON_BLOCKS = YES;
				GCC_OPTIMIZATION_LEVEL = 0;
				GCC_PREPROCESSOR_DEFINITIONS = (
					"DEBUG=1",
					"$(inherited)",
				);
				GCC_WARN_64_TO_32_BIT_CONVERSION = YES;
				GCC_WARN_ABOUT_RETURN_TYPE = YES_ERROR;
				GCC_WARN_UNDECLARED_SELECTOR = YES;
				GCC_WARN_UNINITIALIZED_AUTOS = YES_AGGRESSIVE;
				GCC_WARN_UNUSED_FUNCTION = YES;
				GCC_WARN_UNUSED_VARIABLE = YES;
				IPHONEOS_DEPLOYMENT_TARGET = 10.2;
				MTL_ENABLE_DEBUG_INFO = YES;
				ONLY_ACTIVE_ARCH = YES;
				SDKROOT = iphoneos;
				SWIFT_ACTIVE_COMPILATION_CONDITIONS = DEBUG;
				SWIFT_OPTIMIZATION_LEVEL = "-Onone";
			};
			name = Debug;
		};
		F03FC2F91E38B4DC002497CB /* Release */ = {
			isa = XCBuildConfiguration;
			buildSettings = {
				ALWAYS_SEARCH_USER_PATHS = NO;
				CLANG_ANALYZER_NONNULL = YES;
				CLANG_CXX_LANGUAGE_STANDARD = "gnu++0x";
				CLANG_CXX_LIBRARY = "libc++";
				CLANG_ENABLE_MODULES = YES;
				CLANG_ENABLE_OBJC_ARC = YES;
				CLANG_WARN_BOOL_CONVERSION = YES;
				CLANG_WARN_CONSTANT_CONVERSION = YES;
				CLANG_WARN_DIRECT_OBJC_ISA_USAGE = YES_ERROR;
				CLANG_WARN_DOCUMENTATION_COMMENTS = YES;
				CLANG_WARN_EMPTY_BODY = YES;
				CLANG_WARN_ENUM_CONVERSION = YES;
				CLANG_WARN_INFINITE_RECURSION = YES;
				CLANG_WARN_INT_CONVERSION = YES;
				CLANG_WARN_OBJC_ROOT_CLASS = YES_ERROR;
				CLANG_WARN_SUSPICIOUS_MOVE = YES;
				CLANG_WARN_UNREACHABLE_CODE = YES;
				CLANG_WARN__DUPLICATE_METHOD_MATCH = YES;
				"CODE_SIGN_IDENTITY[sdk=iphoneos*]" = "iPhone Developer";
				COPY_PHASE_STRIP = NO;
				DEBUG_INFORMATION_FORMAT = "dwarf-with-dsym";
				ENABLE_NS_ASSERTIONS = NO;
				ENABLE_STRICT_OBJC_MSGSEND = YES;
				GCC_C_LANGUAGE_STANDARD = gnu99;
				GCC_NO_COMMON_BLOCKS = YES;
				GCC_WARN_64_TO_32_BIT_CONVERSION = YES;
				GCC_WARN_ABOUT_RETURN_TYPE = YES_ERROR;
				GCC_WARN_UNDECLARED_SELECTOR = YES;
				GCC_WARN_UNINITIALIZED_AUTOS = YES_AGGRESSIVE;
				GCC_WARN_UNUSED_FUNCTION = YES;
				GCC_WARN_UNUSED_VARIABLE = YES;
				IPHONEOS_DEPLOYMENT_TARGET = 10.2;
				MTL_ENABLE_DEBUG_INFO = NO;
				SDKROOT = iphoneos;
				SWIFT_OPTIMIZATION_LEVEL = "-Owholemodule";
				VALIDATE_PRODUCT = YES;
			};
			name = Release;
		};
		F03FC2FB1E38B4DC002497CB /* Debug */ = {
			isa = XCBuildConfiguration;
			buildSettings = {
				ASSETCATALOG_COMPILER_APPICON_NAME = AppIcon;
				INFOPLIST_FILE = InAppNotificationsDemo/Info.plist;
				LD_RUNPATH_SEARCH_PATHS = "$(inherited) @executable_path/Frameworks";
				PRODUCT_BUNDLE_IDENTIFIER = KR.DevGo.InAppNotificationsDemo;
				PRODUCT_NAME = "$(TARGET_NAME)";
				SWIFT_VERSION = 3.0;
			};
			name = Debug;
		};
		F03FC2FC1E38B4DC002497CB /* Release */ = {
			isa = XCBuildConfiguration;
			buildSettings = {
				ASSETCATALOG_COMPILER_APPICON_NAME = AppIcon;
				INFOPLIST_FILE = InAppNotificationsDemo/Info.plist;
				LD_RUNPATH_SEARCH_PATHS = "$(inherited) @executable_path/Frameworks";
				PRODUCT_BUNDLE_IDENTIFIER = KR.DevGo.InAppNotificationsDemo;
				PRODUCT_NAME = "$(TARGET_NAME)";
				SWIFT_VERSION = 3.0;
			};
			name = Release;
		};
/* End XCBuildConfiguration section */

/* Begin XCConfigurationList section */
		F03FC2E31E38B4DC002497CB /* Build configuration list for PBXProject "InAppNotificationsDemo" */ = {
			isa = XCConfigurationList;
			buildConfigurations = (
				F03FC2F81E38B4DC002497CB /* Debug */,
				F03FC2F91E38B4DC002497CB /* Release */,
			);
			defaultConfigurationIsVisible = 0;
			defaultConfigurationName = Release;
		};
		F03FC2FA1E38B4DC002497CB /* Build configuration list for PBXNativeTarget "InAppNotificationsDemo" */ = {
			isa = XCConfigurationList;
			buildConfigurations = (
				F03FC2FB1E38B4DC002497CB /* Debug */,
				F03FC2FC1E38B4DC002497CB /* Release */,
			);
			defaultConfigurationIsVisible = 0;
		};
/* End XCConfigurationList section */
	};
	rootObject = F03FC2E01E38B4DC002497CB /* Project object */;
}
